
Microsoft Visual Studio Solution File, Format Version 12.00
# Visual Studio Version 17
VisualStudioVersion = 17.11.35208.52
MinimumVisualStudioVersion = 10.0.40219.1
Project("{FAE04EC0-301F-11D3-BF4B-00C04F79EFBC}") = "PlannerTracker.web", "PlannerTracker.web\PlannerTracker.web.csproj", "{CDB9EF23-6878-44CE-B3F2-0E1E571E3ACA}"
EndProject
Project("{FAE04EC0-301F-11D3-BF4B-00C04F79EFBC}") = "PlannerTracker.API", "PlannerTracker.API\PlannerTracker.API.csproj", "{ADBB1EB3-2324-44B4-BDE6-57E5EED63ED2}"
EndProject
Project("{FAE04EC0-301F-11D3-BF4B-00C04F79EFBC}") = "PlannerTracker.DataModel", "PlannerTracker.DataModel\PlannerTracker.DataModel.csproj", "{846AF95C-B2B1-4A5A-86D3-7C6A3C0FE292}"
EndProject
Project("{FAE04EC0-301F-11D3-BF4B-00C04F79EFBC}") = "PlannerTracker.ViewModel", "PlannerTracker.ViewModel\PlannerTracker.ViewModel.csproj", "{83A1F617-0B77-4F01-B173-6E34E11F358F}"
EndProject
Project("{FAE04EC0-301F-11D3-BF4B-00C04F79EFBC}") = "PlannerTracker.DataAccess", "PlannerTracker.DataAccess\PlannerTracker.DataAccess.csproj", "{B35D4EA6-AB0F-4BE8-9BC5-551D0402DA26}"
EndProject
Global
	GlobalSection(SolutionConfigurationPlatforms) = preSolution
		Debug|Any CPU = Debug|Any CPU
		Release|Any CPU = Release|Any CPU
	EndGlobalSection
	GlobalSection(ProjectConfigurationPlatforms) = postSolution
		{CDB9EF23-6878-44CE-B3F2-0E1E571E3ACA}.Debug|Any CPU.ActiveCfg = Debug|Any CPU
		{CDB9EF23-6878-44CE-B3F2-0E1E571E3ACA}.Debug|Any CPU.Build.0 = Debug|Any CPU
		{CDB9EF23-6878-44CE-B3F2-0E1E571E3ACA}.Release|Any CPU.ActiveCfg = Release|Any CPU
		{CDB9EF23-6878-44CE-B3F2-0E1E571E3ACA}.Release|Any CPU.Build.0 = Release|Any CPU
		{ADBB1EB3-2324-44B4-BDE6-57E5EED63ED2}.Debug|Any CPU.ActiveCfg = Debug|Any CPU
		{ADBB1EB3-2324-44B4-BDE6-57E5EED63ED2}.Debug|Any CPU.Build.0 = Debug|Any CPU
		{ADBB1EB3-2324-44B4-BDE6-57E5EED63ED2}.Release|Any CPU.ActiveCfg = Release|Any CPU
		{ADBB1EB3-2324-44B4-BDE6-57E5EED63ED2}.Release|Any CPU.Build.0 = Release|Any CPU
		{846AF95C-B2B1-4A5A-86D3-7C6A3C0FE292}.Debug|Any CPU.ActiveCfg = Debug|Any CPU
		{846AF95C-B2B1-4A5A-86D3-7C6A3C0FE292}.Debug|Any CPU.Build.0 = Debug|Any CPU
		{846AF95C-B2B1-4A5A-86D3-7C6A3C0FE292}.Release|Any CPU.ActiveCfg = Release|Any CPU
		{846AF95C-B2B1-4A5A-86D3-7C6A3C0FE292}.Release|Any CPU.Build.0 = Release|Any CPU
		{83A1F617-0B77-4F01-B173-6E34E11F358F}.Debug|Any CPU.ActiveCfg = Debug|Any CPU
		{83A1F617-0B77-4F01-B173-6E34E11F358F}.Debug|Any CPU.Build.0 = Debug|Any CPU
		{83A1F617-0B77-4F01-B173-6E34E11F358F}.Release|Any CPU.ActiveCfg = Release|Any CPU
		{83A1F617-0B77-4F01-B173-6E34E11F358F}.Release|Any CPU.Build.0 = Release|Any CPU
		{B35D4EA6-AB0F-4BE8-9BC5-551D0402DA26}.Debug|Any CPU.ActiveCfg = Debug|Any CPU
		{B35D4EA6-AB0F-4BE8-9BC5-551D0402DA26}.Debug|Any CPU.Build.0 = Debug|Any CPU
		{B35D4EA6-AB0F-4BE8-9BC5-551D0402DA26}.Release|Any CPU.ActiveCfg = Release|Any CPU
		{B35D4EA6-AB0F-4BE8-9BC5-551D0402DA26}.Release|Any CPU.Build.0 = Release|Any CPU
	EndGlobalSection
	GlobalSection(SolutionProperties) = preSolution
		HideSolutionNode = FALSE
	EndGlobalSection
	GlobalSection(ExtensibilityGlobals) = postSolution
		SolutionGuid = {84D8EBC8-CA9C-47CC-BC31-EDA6EFED9A84}
	EndGlobalSection
EndGlobal
